
Microsoft Visual Studio Solution File, Format Version 12.00
# Visual Studio Version 17
VisualStudioVersion = 17.7.34003.232
MinimumVisualStudioVersion = 10.0.40219.1
Project("{FAE04EC0-301F-11D3-BF4B-00C04F79EFBC}") = "Intro", "Intro\Intro.csproj", "{9584CB37-A451-42ED-95FC-AFC0A0D0FCA5}"
EndProject
Global
	GlobalSection(SolutionConfigurationPlatforms) = preSolution
		Debug|Any CPU = Debug|Any CPU
		Release|Any CPU = Release|Any CPU
	EndGlobalSection
	GlobalSection(ProjectConfigurationPlatforms) = postSolution
		{9584CB37-A451-42ED-95FC-AFC0A0D0FCA5}.Debug|Any CPU.ActiveCfg = Debug|Any CPU
		{9584CB37-A451-42ED-95FC-AFC0A0D0FCA5}.Debug|Any CPU.Build.0 = Debug|Any CPU
		{9584CB37-A451-42ED-95FC-AFC0A0D0FCA5}.Release|Any CPU.ActiveCfg = Release|Any CPU
		{9584CB37-A451-42ED-95FC-AFC0A0D0FCA5}.Release|Any CPU.Build.0 = Release|Any CPU
	EndGlobalSection
	GlobalSection(SolutionProperties) = preSolution
		HideSolutionNode = FALSE
	EndGlobalSection
	GlobalSection(ExtensibilityGlobals) = postSolution
		SolutionGuid = {EF355227-919B-427E-883C-12C0CE99EAB6}
	EndGlobalSection
EndGlobal
