
Microsoft Visual Studio Solution File, Format Version 12.00
# Visual Studio Version 17
VisualStudioVersion = 17.7.34003.232
MinimumVisualStudioVersion = 10.0.40219.1
Project("{FAE04EC0-301F-11D3-BF4B-00C04F79EFBC}") = "3 tier Application", "3 tier Application\3 tier Application.csproj", "{9DDEFE7A-61A1-4A94-80C9-7B1DC10465AA}"
EndProject
Global
	GlobalSection(SolutionConfigurationPlatforms) = preSolution
		Debug|Any CPU = Debug|Any CPU
		Release|Any CPU = Release|Any CPU
	EndGlobalSection
	GlobalSection(ProjectConfigurationPlatforms) = postSolution
		{9DDEFE7A-61A1-4A94-80C9-7B1DC10465AA}.Debug|Any CPU.ActiveCfg = Debug|Any CPU
		{9DDEFE7A-61A1-4A94-80C9-7B1DC10465AA}.Debug|Any CPU.Build.0 = Debug|Any CPU
		{9DDEFE7A-61A1-4A94-80C9-7B1DC10465AA}.Release|Any CPU.ActiveCfg = Release|Any CPU
		{9DDEFE7A-61A1-4A94-80C9-7B1DC10465AA}.Release|Any CPU.Build.0 = Release|Any CPU
	EndGlobalSection
	GlobalSection(SolutionProperties) = preSolution
		HideSolutionNode = FALSE
	EndGlobalSection
	GlobalSection(ExtensibilityGlobals) = postSolution
		SolutionGuid = {C59B505C-02AC-462E-9C38-D281C92CDAAC}
	EndGlobalSection
EndGlobal
