
Microsoft Visual Studio Solution File, Format Version 12.00
# Visual Studio Version 17
VisualStudioVersion = 17.7.34003.232
MinimumVisualStudioVersion = 10.0.40219.1
Project("{FAE04EC0-301F-11D3-BF4B-00C04F79EFBC}") = "Intro Api", "Intro Api\Intro Api.csproj", "{4168C4BF-577C-4977-BC65-05C73B680664}"
EndProject
Global
	GlobalSection(SolutionConfigurationPlatforms) = preSolution
		Debug|Any CPU = Debug|Any CPU
		Release|Any CPU = Release|Any CPU
	EndGlobalSection
	GlobalSection(ProjectConfigurationPlatforms) = postSolution
		{4168C4BF-577C-4977-BC65-05C73B680664}.Debug|Any CPU.ActiveCfg = Debug|Any CPU
		{4168C4BF-577C-4977-BC65-05C73B680664}.Debug|Any CPU.Build.0 = Debug|Any CPU
		{4168C4BF-577C-4977-BC65-05C73B680664}.Release|Any CPU.ActiveCfg = Release|Any CPU
		{4168C4BF-577C-4977-BC65-05C73B680664}.Release|Any CPU.Build.0 = Release|Any CPU
	EndGlobalSection
	GlobalSection(SolutionProperties) = preSolution
		HideSolutionNode = FALSE
	EndGlobalSection
	GlobalSection(ExtensibilityGlobals) = postSolution
		SolutionGuid = {B77FACF1-46C0-49E0-B4AA-6BBE04314309}
	EndGlobalSection
EndGlobal
