
Microsoft Visual Studio Solution File, Format Version 12.00
# Visual Studio Version 17
VisualStudioVersion = 17.6.33815.320
MinimumVisualStudioVersion = 10.0.40219.1
Project("{FAE04EC0-301F-11D3-BF4B-00C04F79EFBC}") = "Course", "Course\Course.csproj", "{01F0F49B-AFDD-4DAC-8097-0D4CFEDF654F}"
EndProject
Global
	GlobalSection(SolutionConfigurationPlatforms) = preSolution
		Debug|Any CPU = Debug|Any CPU
		Release|Any CPU = Release|Any CPU
	EndGlobalSection
	GlobalSection(ProjectConfigurationPlatforms) = postSolution
		{01F0F49B-AFDD-4DAC-8097-0D4CFEDF654F}.Debug|Any CPU.ActiveCfg = Debug|Any CPU
		{01F0F49B-AFDD-4DAC-8097-0D4CFEDF654F}.Debug|Any CPU.Build.0 = Debug|Any CPU
		{01F0F49B-AFDD-4DAC-8097-0D4CFEDF654F}.Release|Any CPU.ActiveCfg = Release|Any CPU
		{01F0F49B-AFDD-4DAC-8097-0D4CFEDF654F}.Release|Any CPU.Build.0 = Release|Any CPU
	EndGlobalSection
	GlobalSection(SolutionProperties) = preSolution
		HideSolutionNode = FALSE
	EndGlobalSection
	GlobalSection(ExtensibilityGlobals) = postSolution
		SolutionGuid = {F1AC2DA4-CDA7-48DC-8C44-7CCAB251581E}
	EndGlobalSection
EndGlobal
